
Microsoft Visual Studio Solution File, Format Version 12.00
# Visual Studio 15
Project("{FAE04EC0-301F-11D3-BF4B-00C04F79EFBC}") = "Assembly-CSharp", "Assembly-CSharp.csproj", "{047C3BFD-8EB3-F3F5-B10A-DAF99C9BF467}"
EndProject
Project("{FAE04EC0-301F-11D3-BF4B-00C04F79EFBC}") = "Assembly-CSharp-Editor", "Assembly-CSharp-Editor.csproj", "{784876CA-D664-A711-A564-634681AC6F01}"
EndProject
Global
	GlobalSection(SolutionConfigurationPlatforms) = preSolution
		Debug|Any CPU = Debug|Any CPU
		Release|Any CPU = Release|Any CPU
	EndGlobalSection
	GlobalSection(ProjectConfigurationPlatforms) = postSolution
		{047C3BFD-8EB3-F3F5-B10A-DAF99C9BF467}.Debug|Any CPU.ActiveCfg = Debug|Any CPU
		{047C3BFD-8EB3-F3F5-B10A-DAF99C9BF467}.Debug|Any CPU.Build.0 = Debug|Any CPU
		{047C3BFD-8EB3-F3F5-B10A-DAF99C9BF467}.Release|Any CPU.ActiveCfg = Release|Any CPU
		{047C3BFD-8EB3-F3F5-B10A-DAF99C9BF467}.Release|Any CPU.Build.0 = Release|Any CPU
		{784876CA-D664-A711-A564-634681AC6F01}.Debug|Any CPU.ActiveCfg = Debug|Any CPU
		{784876CA-D664-A711-A564-634681AC6F01}.Debug|Any CPU.Build.0 = Debug|Any CPU
		{784876CA-D664-A711-A564-634681AC6F01}.Release|Any CPU.ActiveCfg = Release|Any CPU
		{784876CA-D664-A711-A564-634681AC6F01}.Release|Any CPU.Build.0 = Release|Any CPU
	EndGlobalSection
	GlobalSection(SolutionProperties) = preSolution
		HideSolutionNode = FALSE
	EndGlobalSection
EndGlobal
